<?xml version="1.0" encoding="utf-8"?>
<Project ToolsVersion="4.0" xmlns="http://schemas.microsoft.com/developer/msbuild/2003">
  <ItemGroup>
    <Filter Include="ソース ファイル">
      <UniqueIdentifier>{4FC737F1-C7A5-4376-A066-2A32D752A2FF}</UniqueIdentifier>
      <Extensions>cpp;c;cc;cxx;c++;cppm;ixx;def;odl;idl;hpj;bat;asm;asmx</Extensions>
    </Filter>
    <Filter Include="ヘッダー ファイル">
      <UniqueIdentifier>{93995380-89BD-4b04-88EB-625FBE52EBFB}</UniqueIdentifier>
      <Extensions>h;hh;hpp;hxx;h++;hm;inl;inc;ipp;xsd</Extensions>
    </Filter>
    <Filter Include="リソース ファイル">
      <UniqueIdentifier>{67DA6AB6-F800-4c08-8B7A-83BB121AAD01}</UniqueIdentifier>
      <Extensions>rc;ico;cur;bmp;dlg;rc2;rct;bin;rgs;gif;jpg;jpeg;jpe;resx;tiff;tif;png;wav;mfcribbon-ms</Extensions>
    </Filter>
    <Filter Include="scene">
      <UniqueIdentifier>{154844fe-b69a-4096-ae1f-9a6b424c89f4}</UniqueIdentifier>
    </Filter>
    <Filter Include="character">
      <UniqueIdentifier>{56e03bb8-a525-4119-bd21-111f3133c0c1}</UniqueIdentifier>
    </Filter>
    <Filter Include="ui">
      <UniqueIdentifier>{e337d99d-4336-4996-8602-c4ae7a22ef45}</UniqueIdentifier>
    </Filter>
    <Filter Include="tool">
      <UniqueIdentifier>{4b7b7a00-4228-401c-acb7-c55f608d1693}</UniqueIdentifier>
    </Filter>
  </ItemGroup>
  <ItemGroup>
    <ClCompile Include="main.cpp">
      <Filter>ソース ファイル</Filter>
    </ClCompile>
    <ClCompile Include="Stage.cpp">
      <Filter>ソース ファイル</Filter>
    </ClCompile>
    <ClCompile Include="Scene\SceneBase.cpp">
      <Filter>scene</Filter>
    </ClCompile>
    <ClCompile Include="Scene\SceneGame.cpp">
      <Filter>scene</Filter>
    </ClCompile>
    <ClCompile Include="Scene\SceneManager.cpp">
      <Filter>scene</Filter>
    </ClCompile>
    <ClCompile Include="scene\SceneResult.cpp">
      <Filter>scene</Filter>
    </ClCompile>
    <ClCompile Include="scene\SceneTitle.cpp">
      <Filter>scene</Filter>
    </ClCompile>
    <ClCompile Include="character\CharaBase.cpp">
      <Filter>character</Filter>
    </ClCompile>
    <ClCompile Include="character\CharaManager.cpp">
      <Filter>character</Filter>
    </ClCompile>
    <ClCompile Include="scene\SceneSelectLevel.cpp">
      <Filter>scene</Filter>
    </ClCompile>
    <ClCompile Include="tool\Camera.cpp">
      <Filter>tool</Filter>
    </ClCompile>
    <ClCompile Include="tool\Collision3D.cpp">
      <Filter>tool</Filter>
    </ClCompile>
    <ClCompile Include="tool\InputState.cpp">
      <Filter>tool</Filter>
    </ClCompile>
    <ClCompile Include="tool\Load.cpp">
      <Filter>tool</Filter>
    </ClCompile>
    <ClCompile Include="tool\SearchRoute.cpp">
      <Filter>tool</Filter>
    </ClCompile>
    <ClCompile Include="character\PC.cpp">
      <Filter>character</Filter>
    </ClCompile>
    <ClCompile Include="tool\AI.cpp">
      <Filter>tool</Filter>
    </ClCompile>
    <ClCompile Include="character\NPC.cpp">
      <Filter>character</Filter>
    </ClCompile>
    <ClCompile Include="scene\SceneAlarum.cpp">
      <Filter>scene</Filter>
    </ClCompile>
    <ClCompile Include="ReuseData.cpp">
      <Filter>ソース ファイル</Filter>
    </ClCompile>
    <ClCompile Include="scene\SceneMenuBase.cpp">
      <Filter>scene</Filter>
    </ClCompile>
    <ClCompile Include="scene\SceneMenuInGame.cpp">
      <Filter>scene</Filter>
    </ClCompile>
    <ClCompile Include="scene\SceneMenuEndGame.cpp">
      <Filter>scene</Filter>
    </ClCompile>
    <ClCompile Include="scene\SceneAlarumRetryGame.cpp">
      <Filter>scene</Filter>
    </ClCompile>
    <ClCompile Include="scene\SceneAlarumFinishGame.cpp">
      <Filter>scene</Filter>
    </ClCompile>
    <ClCompile Include="ui\UIMenu.cpp">
      <Filter>ui</Filter>
    </ClCompile>
    <ClCompile Include="ui\UILife.cpp">
      <Filter>ui</Filter>
    </ClCompile>
    <ClCompile Include="ui\UIUpdateTime.cpp">
      <Filter>ui</Filter>
    </ClCompile>
    <ClCompile Include="ui\UIClearTime.cpp">
      <Filter>ui</Filter>
    </ClCompile>
    <ClCompile Include="ui\UILifeManager.cpp">
      <Filter>ui</Filter>
    </ClCompile>
    <ClCompile Include="ui\UICharaLife.cpp">
      <Filter>ui</Filter>
    </ClCompile>
    <ClCompile Include="BackGround.cpp">
      <Filter>ソース ファイル</Filter>
    </ClCompile>
    <ClCompile Include="ui\UICharaType.cpp">
      <Filter>ui</Filter>
    </ClCompile>
    <ClCompile Include="scene\SceneSelectChara.cpp">
      <Filter>scene</Filter>
    </ClCompile>
    <ClCompile Include="scene\SceneSelect.cpp">
      <Filter>scene</Filter>
    </ClCompile>
    <ClCompile Include="scene\ScenePreparation.cpp">
      <Filter>scene</Filter>
    </ClCompile>
  </ItemGroup>
  <ItemGroup>
    <ClInclude Include="GameData.h">
      <Filter>ヘッダー ファイル</Filter>
    </ClInclude>
    <ClInclude Include="Stage.h">
      <Filter>ヘッダー ファイル</Filter>
    </ClInclude>
    <ClInclude Include="StageData.h">
      <Filter>ヘッダー ファイル</Filter>
    </ClInclude>
    <ClInclude Include="Scene\SceneManager.h">
      <Filter>scene</Filter>
    </ClInclude>
    <ClInclude Include="Scene\SceneBase.h">
      <Filter>scene</Filter>
    </ClInclude>
    <ClInclude Include="Scene\SceneGame.h">
      <Filter>scene</Filter>
    </ClInclude>
    <ClInclude Include="scene\SceneResult.h">
      <Filter>scene</Filter>
    </ClInclude>
    <ClInclude Include="scene\SceneTitle.h">
      <Filter>scene</Filter>
    </ClInclude>
    <ClInclude Include="character\CharaBase.h">
      <Filter>character</Filter>
    </ClInclude>
    <ClInclude Include="character\CharaManager.h">
      <Filter>character</Filter>
    </ClInclude>
    <ClInclude Include="TimeData.h">
      <Filter>ヘッダー ファイル</Filter>
    </ClInclude>
    <ClInclude Include="scene\SceneSelectLevel.h">
      <Filter>scene</Filter>
    </ClInclude>
    <ClInclude Include="character\CharaData.h">
      <Filter>character</Filter>
    </ClInclude>
    <ClInclude Include="tool\Camera.h">
      <Filter>tool</Filter>
    </ClInclude>
    <ClInclude Include="tool\Collision3D.h">
      <Filter>tool</Filter>
    </ClInclude>
    <ClInclude Include="tool\InputState.h">
      <Filter>tool</Filter>
    </ClInclude>
    <ClInclude Include="tool\Load.h">
      <Filter>tool</Filter>
    </ClInclude>
    <ClInclude Include="tool\SearchRoute.h">
      <Filter>tool</Filter>
    </ClInclude>
    <ClInclude Include="character\PC.h">
      <Filter>character</Filter>
    </ClInclude>
    <ClInclude Include="tool\AI.h">
      <Filter>tool</Filter>
    </ClInclude>
    <ClInclude Include="PosData.h">
      <Filter>ヘッダー ファイル</Filter>
    </ClInclude>
    <ClInclude Include="character\NPC.h">
      <Filter>character</Filter>
    </ClInclude>
    <ClInclude Include="scene\SceneAlarum.h">
      <Filter>scene</Filter>
    </ClInclude>
    <ClInclude Include="ReuseData.h">
      <Filter>ヘッダー ファイル</Filter>
    </ClInclude>
    <ClInclude Include="scene\SceneMenuBase.h">
      <Filter>scene</Filter>
    </ClInclude>
    <ClInclude Include="scene\SceneMenuInGame.h">
      <Filter>scene</Filter>
    </ClInclude>
    <ClInclude Include="scene\SceneMenuEndGame.h">
      <Filter>scene</Filter>
    </ClInclude>
    <ClInclude Include="scene\SceneAlarumRetryGame.h">
      <Filter>scene</Filter>
    </ClInclude>
    <ClInclude Include="scene\SceneAlarumFinishGame.h">
      <Filter>scene</Filter>
    </ClInclude>
    <ClInclude Include="Easing.h">
      <Filter>ヘッダー ファイル</Filter>
    </ClInclude>
    <ClInclude Include="ui\UIMenu.h">
      <Filter>ui</Filter>
    </ClInclude>
    <ClInclude Include="ui\UILife.h">
      <Filter>ui</Filter>
    </ClInclude>
    <ClInclude Include="ui\UIUpdateTime.h">
      <Filter>ui</Filter>
    </ClInclude>
    <ClInclude Include="ui\UIClearTime.h">
      <Filter>ui</Filter>
    </ClInclude>
    <ClInclude Include="HandleData.h">
      <Filter>ヘッダー ファイル</Filter>
    </ClInclude>
    <ClInclude Include="SceneData.h">
      <Filter>ヘッダー ファイル</Filter>
    </ClInclude>
    <ClInclude Include="ui\UILifeManager.h">
      <Filter>ui</Filter>
    </ClInclude>
    <ClInclude Include="ui\UICharaLife.h">
      <Filter>ui</Filter>
    </ClInclude>
    <ClInclude Include="BackGround.h">
      <Filter>ヘッダー ファイル</Filter>
    </ClInclude>
    <ClInclude Include="ui\UICharaType.h">
      <Filter>ui</Filter>
    </ClInclude>
    <ClInclude Include="scene\SceneSelectChara.h">
      <Filter>scene</Filter>
    </ClInclude>
    <ClInclude Include="scene\SceneSelect.h">
      <Filter>scene</Filter>
    </ClInclude>
    <ClInclude Include="scene\ScenePreparation.h">
      <Filter>scene</Filter>
    </ClInclude>
  </ItemGroup>
</Project>