<?xml version="1.0" encoding="utf-8"?>
<Project ToolsVersion="4.0" xmlns="http://schemas.microsoft.com/developer/msbuild/2003">
  <ItemGroup>
    <Filter Include="ソース ファイル">
      <UniqueIdentifier>{4FC737F1-C7A5-4376-A066-2A32D752A2FF}</UniqueIdentifier>
      <Extensions>cpp;c;cc;cxx;c++;cppm;ixx;def;odl;idl;hpj;bat;asm;asmx</Extensions>
    </Filter>
    <Filter Include="ヘッダー ファイル">
      <UniqueIdentifier>{93995380-89BD-4b04-88EB-625FBE52EBFB}</UniqueIdentifier>
      <Extensions>h;hh;hpp;hxx;h++;hm;inl;inc;ipp;xsd</Extensions>
    </Filter>
    <Filter Include="リソース ファイル">
      <UniqueIdentifier>{67DA6AB6-F800-4c08-8B7A-83BB121AAD01}</UniqueIdentifier>
      <Extensions>rc;ico;cur;bmp;dlg;rc2;rct;bin;rgs;gif;jpg;jpeg;jpe;resx;tiff;tif;png;wav;mfcribbon-ms</Extensions>
    </Filter>
    <Filter Include="scene">
      <UniqueIdentifier>{154844fe-b69a-4096-ae1f-9a6b424c89f4}</UniqueIdentifier>
    </Filter>
    <Filter Include="character">
      <UniqueIdentifier>{56e03bb8-a525-4119-bd21-111f3133c0c1}</UniqueIdentifier>
    </Filter>
    <Filter Include="ui">
      <UniqueIdentifier>{e337d99d-4336-4996-8602-c4ae7a22ef45}</UniqueIdentifier>
    </Filter>
  </ItemGroup>
  <ItemGroup>
    <ClCompile Include="main.cpp">
      <Filter>ソース ファイル</Filter>
    </ClCompile>
    <ClCompile Include="Geometry.cpp">
      <Filter>ソース ファイル</Filter>
    </ClCompile>
    <ClCompile Include="InputState.cpp">
      <Filter>ソース ファイル</Filter>
    </ClCompile>
    <ClCompile Include="Camera.cpp">
      <Filter>ソース ファイル</Filter>
    </ClCompile>
    <ClCompile Include="Stage.cpp">
      <Filter>ソース ファイル</Filter>
    </ClCompile>
    <ClCompile Include="Scene\SceneBase.cpp">
      <Filter>scene</Filter>
    </ClCompile>
    <ClCompile Include="Scene\SceneGame.cpp">
      <Filter>scene</Filter>
    </ClCompile>
    <ClCompile Include="Scene\SceneManager.cpp">
      <Filter>scene</Filter>
    </ClCompile>
    <ClCompile Include="scene\SceneResult.cpp">
      <Filter>scene</Filter>
    </ClCompile>
    <ClCompile Include="scene\SceneTitle.cpp">
      <Filter>scene</Filter>
    </ClCompile>
    <ClCompile Include="scene\SceneMenu.cpp">
      <Filter>scene</Filter>
    </ClCompile>
    <ClCompile Include="character\CharacterBase.cpp">
      <Filter>character</Filter>
    </ClCompile>
    <ClCompile Include="character\CharacterManager.cpp">
      <Filter>character</Filter>
    </ClCompile>
    <ClCompile Include="character\Character1.cpp">
      <Filter>character</Filter>
    </ClCompile>
    <ClCompile Include="character\Character2.cpp">
      <Filter>character</Filter>
    </ClCompile>
    <ClCompile Include="character\Character3.cpp">
      <Filter>character</Filter>
    </ClCompile>
    <ClCompile Include="character\Character4.cpp">
      <Filter>character</Filter>
    </ClCompile>
    <ClCompile Include="ui\UITime.cpp">
      <Filter>ui</Filter>
    </ClCompile>
    <ClCompile Include="ui\UIBase.cpp">
      <Filter>ui</Filter>
    </ClCompile>
    <ClCompile Include="ui\UILife.cpp">
      <Filter>ui</Filter>
    </ClCompile>
  </ItemGroup>
  <ItemGroup>
    <ClInclude Include="GameData.h">
      <Filter>ヘッダー ファイル</Filter>
    </ClInclude>
    <ClInclude Include="Geometry.h">
      <Filter>ヘッダー ファイル</Filter>
    </ClInclude>
    <ClInclude Include="InputState.h">
      <Filter>ヘッダー ファイル</Filter>
    </ClInclude>
    <ClInclude Include="Camera.h">
      <Filter>ヘッダー ファイル</Filter>
    </ClInclude>
    <ClInclude Include="Stage.h">
      <Filter>ヘッダー ファイル</Filter>
    </ClInclude>
    <ClInclude Include="StageData.h">
      <Filter>ヘッダー ファイル</Filter>
    </ClInclude>
    <ClInclude Include="Scene\SceneManager.h">
      <Filter>scene</Filter>
    </ClInclude>
    <ClInclude Include="Scene\SceneBase.h">
      <Filter>scene</Filter>
    </ClInclude>
    <ClInclude Include="Scene\SceneGame.h">
      <Filter>scene</Filter>
    </ClInclude>
    <ClInclude Include="scene\SceneResult.h">
      <Filter>scene</Filter>
    </ClInclude>
    <ClInclude Include="scene\SceneTitle.h">
      <Filter>scene</Filter>
    </ClInclude>
    <ClInclude Include="scene\SceneMenu.h">
      <Filter>scene</Filter>
    </ClInclude>
    <ClInclude Include="PlayerData.h">
      <Filter>ヘッダー ファイル</Filter>
    </ClInclude>
    <ClInclude Include="character\CharacterBase.h">
      <Filter>character</Filter>
    </ClInclude>
    <ClInclude Include="character\CharacterManager.h">
      <Filter>character</Filter>
    </ClInclude>
    <ClInclude Include="character\Character1.h">
      <Filter>character</Filter>
    </ClInclude>
    <ClInclude Include="character\Character2.h">
      <Filter>character</Filter>
    </ClInclude>
    <ClInclude Include="character\Character3.h">
      <Filter>character</Filter>
    </ClInclude>
    <ClInclude Include="character\Character4.h">
      <Filter>character</Filter>
    </ClInclude>
    <ClInclude Include="TimeDatah.h">
      <Filter>ヘッダー ファイル</Filter>
    </ClInclude>
    <ClInclude Include="ui\UITime.h">
      <Filter>ui</Filter>
    </ClInclude>
    <ClInclude Include="ui\UIBase.h">
      <Filter>ui</Filter>
    </ClInclude>
    <ClInclude Include="ui\UILife.h">
      <Filter>ui</Filter>
    </ClInclude>
  </ItemGroup>
</Project>